
Microsoft Visual Studio Solution File, Format Version 12.00
# Visual Studio 15
VisualStudioVersion = 15.0.28010.2003
MinimumVisualStudioVersion = 10.0.40219.1
Project("{FAE04EC0-301F-11D3-BF4B-00C04F79EFBC}") = "alfaLeagueWeb", "alfaLeagueWeb\alfaLeagueWeb.csproj", "{B413A0C5-DFF1-4073-AE17-DA57E92C9AFE}"
EndProject
Global
	GlobalSection(SolutionConfigurationPlatforms) = preSolution
		Debug|Any CPU = Debug|Any CPU
		Release|Any CPU = Release|Any CPU
	EndGlobalSection
	GlobalSection(ProjectConfigurationPlatforms) = postSolution
		{B413A0C5-DFF1-4073-AE17-DA57E92C9AFE}.Debug|Any CPU.ActiveCfg = Debug|Any CPU
		{B413A0C5-DFF1-4073-AE17-DA57E92C9AFE}.Debug|Any CPU.Build.0 = Debug|Any CPU
		{B413A0C5-DFF1-4073-AE17-DA57E92C9AFE}.Release|Any CPU.ActiveCfg = Release|Any CPU
		{B413A0C5-DFF1-4073-AE17-DA57E92C9AFE}.Release|Any CPU.Build.0 = Release|Any CPU
	EndGlobalSection
	GlobalSection(SolutionProperties) = preSolution
		HideSolutionNode = FALSE
	EndGlobalSection
	GlobalSection(ExtensibilityGlobals) = postSolution
		SolutionGuid = {6C7DE195-822C-4CA0-A3D3-E234E7711F04}
	EndGlobalSection
EndGlobal
